# This file is automatically @generated by Cargo.
# It is not intended for manual editing.
version = 4

[[package]]
name = "sip-logger"
version = "0.1.0"

[[package]]
name = "sip-trunk"
version = "0.1.0"

[[package]]
name = "sip-trunk-api"
version = "0.1.0"

[[package]]
name = "sip-trunk-cli"
version = "0.1.0"

[[package]]
name = "sip-trunk-core"
version = "0.1.0"

[[package]]
name = "sip-trunk-server"
version = "0.1.0"
